<?xml version="1.0" encoding="utf-8"?>
<Project ToolsVersion="4.0" xmlns="http://schemas.microsoft.com/developer/msbuild/2003">
  <ItemGroup>
    <Filter Include="Source Files">
      <UniqueIdentifier>{4FC737F1-C7A5-4376-A066-2A32D752A2FF}</UniqueIdentifier>
      <Extensions>cpp;c;cc;cxx;c++;cppm;ixx;def;odl;idl;hpj;bat;asm;asmx</Extensions>
    </Filter>
    <Filter Include="Header Files">
      <UniqueIdentifier>{93995380-89BD-4b04-88EB-625FBE52EBFB}</UniqueIdentifier>
      <Extensions>h;hh;hpp;hxx;h++;hm;inl;inc;ipp;xsd</Extensions>
    </Filter>
    <Filter Include="Resource Files">
      <UniqueIdentifier>{67DA6AB6-F800-4c08-8B7A-83BB121AAD01}</UniqueIdentifier>
      <Extensions>rc;ico;cur;bmp;dlg;rc2;rct;bin;rgs;gif;jpg;jpeg;jpe;resx;tiff;tif;png;wav;mfcribbon-ms</Extensions>
    </Filter>
    <Filter Include="Source Files\Chuong3">
      <UniqueIdentifier>{eedc160b-b0f6-4942-851c-e7fa2d8ed1b8}</UniqueIdentifier>
    </Filter>
    <Filter Include="Source Files\Chuong2">
      <UniqueIdentifier>{9379a7e8-6642-4010-8b56-0cd5c7820256}</UniqueIdentifier>
    </Filter>
    <Filter Include="Source Files\Chuong2\8">
      <UniqueIdentifier>{69f241ed-9687-49fe-a714-d925b280206f}</UniqueIdentifier>
    </Filter>
    <Filter Include="Source Files\Chuong2\9">
      <UniqueIdentifier>{b75e1d4f-8abb-43bb-987e-cad60789007c}</UniqueIdentifier>
    </Filter>
    <Filter Include="Source Files\Chuong2\10">
      <UniqueIdentifier>{e15a082d-76e1-4fe2-b0cc-c7630c312e45}</UniqueIdentifier>
    </Filter>
    <Filter Include="Source Files\Chuong2\11">
      <UniqueIdentifier>{ef6405b4-88c1-4931-ba50-74caae49bd37}</UniqueIdentifier>
    </Filter>
    <Filter Include="Source Files\Chuong2\12">
      <UniqueIdentifier>{a2b00acb-5de4-468f-bd2f-9f14c1361580}</UniqueIdentifier>
    </Filter>
    <Filter Include="Source Files\Chuong2\13">
      <UniqueIdentifier>{255d3fd2-e5a4-4367-839f-6304e2b3eeff}</UniqueIdentifier>
    </Filter>
    <Filter Include="Source Files\Chuong2\14">
      <UniqueIdentifier>{cefe57e4-663a-491f-9004-84ba03a993d6}</UniqueIdentifier>
    </Filter>
  </ItemGroup>
  <ItemGroup>
    <ClCompile Include="main.cpp">
      <Filter>Source Files</Filter>
    </ClCompile>
    <ClCompile Include="chuong3_bai2.cpp">
      <Filter>Source Files\Chuong3</Filter>
    </ClCompile>
    <ClCompile Include="chuong3_bai3.cpp">
      <Filter>Source Files\Chuong3</Filter>
    </ClCompile>
    <ClCompile Include="chuong3_bai4.cpp">
      <Filter>Source Files\Chuong3</Filter>
    </ClCompile>
    <ClCompile Include="chuong3_bai5.cpp">
      <Filter>Source Files\Chuong3</Filter>
    </ClCompile>
    <ClCompile Include="chuong3_bai6.cpp">
      <Filter>Source Files\Chuong3</Filter>
    </ClCompile>
    <ClCompile Include="chuong3_bai7.cpp">
      <Filter>Source Files\Chuong3</Filter>
    </ClCompile>
    <ClCompile Include="chuong3_bai8.cpp">
      <Filter>Source Files\Chuong3</Filter>
    </ClCompile>
    <ClCompile Include="chuong3_bai9.cpp">
      <Filter>Source Files\Chuong3</Filter>
    </ClCompile>
    <ClCompile Include="chuong3_bai10.cpp">
      <Filter>Source Files\Chuong3</Filter>
    </ClCompile>
    <ClCompile Include="Bai1.cpp">
      <Filter>Source Files\Chuong2\8</Filter>
    </ClCompile>
    <ClCompile Include="Bai2.cpp">
      <Filter>Source Files\Chuong2\9</Filter>
    </ClCompile>
    <ClCompile Include="Bai3Dat.cpp">
      <Filter>Source Files\Chuong2\10</Filter>
    </ClCompile>
    <ClCompile Include="BaiTap11.cpp">
      <Filter>Source Files\Chuong2\11</Filter>
    </ClCompile>
    <ClCompile Include="BaiTap12.cpp">
      <Filter>Source Files\Chuong2\12</Filter>
    </ClCompile>
    <ClCompile Include="13.cpp">
      <Filter>Source Files\Chuong2\13</Filter>
    </ClCompile>
    <ClCompile Include="BaiTap14.cpp">
      <Filter>Source Files\Chuong2\14</Filter>
    </ClCompile>
  </ItemGroup>
  <ItemGroup>
    <ClInclude Include="BaiTap.h">
      <Filter>Source Files</Filter>
    </ClInclude>
    <ClInclude Include="functions.h">
      <Filter>Source Files\Chuong3</Filter>
    </ClInclude>
    <ClInclude Include="resource.h">
      <Filter>Header Files</Filter>
    </ClInclude>
  </ItemGroup>
  <ItemGroup>
    <Text Include="sinhvien.txt">
      <Filter>Source Files\Chuong2\9</Filter>
    </Text>
  </ItemGroup>
  <ItemGroup>
    <ResourceCompile Include="BaiTaiVeNha_Dat_Vuong.rc">
      <Filter>Resource Files</Filter>
    </ResourceCompile>
  </ItemGroup>
</Project>